
Microsoft Visual Studio Solution File, Format Version 12.00
# Visual Studio 2012
Project("{8BC9CEB8-8B4A-11D0-8D11-00A0C91BC942}") = "SensorSimRT", "SensorSimRT\SensorSimRT.vcxproj", "{9F6398DC-75D7-46ED-A2A2-34F45C030EE9}"
EndProject
Project("{8BC9CEB8-8B4A-11D0-8D11-00A0C91BC942}") = "SensorSimRTlib", "SensorSimRTlib\SensorSimRTlib.vcxproj", "{B189CFE8-64C0-4A06-BE08-AD9C35EEC145}"
EndProject
Project("{8BC9CEB8-8B4A-11D0-8D11-00A0C91BC942}") = "SensorSimRTexample", "SensorSimRTexample\SensorSimRTexample.vcxproj", "{9BED4249-CAD5-46AA-B170-F6EBEC3741D4}"
	ProjectSection(ProjectDependencies) = postProject
		{B189CFE8-64C0-4A06-BE08-AD9C35EEC145} = {B189CFE8-64C0-4A06-BE08-AD9C35EEC145}
	EndProjectSection
EndProject
Project("{8BC9CEB8-8B4A-11D0-8D11-00A0C91BC942}") = "ScanPlanner", "ScanPlanner\ScanPlanner.vcxproj", "{3DC3EF5F-CA24-4B64-ADD6-5EE84F50B6F8}"
	ProjectSection(ProjectDependencies) = postProject
		{B189CFE8-64C0-4A06-BE08-AD9C35EEC145} = {B189CFE8-64C0-4A06-BE08-AD9C35EEC145}
	EndProjectSection
EndProject
Global
	GlobalSection(SolutionConfigurationPlatforms) = preSolution
		Debug|Win32 = Debug|Win32
		Debug|x64 = Debug|x64
		Release|Win32 = Release|Win32
		Release|x64 = Release|x64
	EndGlobalSection
	GlobalSection(ProjectConfigurationPlatforms) = postSolution
		{9F6398DC-75D7-46ED-A2A2-34F45C030EE9}.Debug|Win32.ActiveCfg = Release|x64
		{9F6398DC-75D7-46ED-A2A2-34F45C030EE9}.Debug|x64.ActiveCfg = Release|x64
		{9F6398DC-75D7-46ED-A2A2-34F45C030EE9}.Debug|x64.Build.0 = Release|x64
		{9F6398DC-75D7-46ED-A2A2-34F45C030EE9}.Release|Win32.ActiveCfg = Release|x64
		{9F6398DC-75D7-46ED-A2A2-34F45C030EE9}.Release|x64.ActiveCfg = Release|x64
		{9F6398DC-75D7-46ED-A2A2-34F45C030EE9}.Release|x64.Build.0 = Release|x64
		{B189CFE8-64C0-4A06-BE08-AD9C35EEC145}.Debug|Win32.ActiveCfg = Release|x64
		{B189CFE8-64C0-4A06-BE08-AD9C35EEC145}.Debug|x64.ActiveCfg = Debug|x64
		{B189CFE8-64C0-4A06-BE08-AD9C35EEC145}.Debug|x64.Build.0 = Debug|x64
		{B189CFE8-64C0-4A06-BE08-AD9C35EEC145}.Release|Win32.ActiveCfg = Release|x64
		{B189CFE8-64C0-4A06-BE08-AD9C35EEC145}.Release|x64.ActiveCfg = Release|x64
		{B189CFE8-64C0-4A06-BE08-AD9C35EEC145}.Release|x64.Build.0 = Release|x64
		{9BED4249-CAD5-46AA-B170-F6EBEC3741D4}.Debug|Win32.ActiveCfg = Debug|Win32
		{9BED4249-CAD5-46AA-B170-F6EBEC3741D4}.Debug|Win32.Build.0 = Debug|Win32
		{9BED4249-CAD5-46AA-B170-F6EBEC3741D4}.Debug|x64.ActiveCfg = Debug|x64
		{9BED4249-CAD5-46AA-B170-F6EBEC3741D4}.Debug|x64.Build.0 = Debug|x64
		{9BED4249-CAD5-46AA-B170-F6EBEC3741D4}.Release|Win32.ActiveCfg = Release|Win32
		{9BED4249-CAD5-46AA-B170-F6EBEC3741D4}.Release|Win32.Build.0 = Release|Win32
		{9BED4249-CAD5-46AA-B170-F6EBEC3741D4}.Release|x64.ActiveCfg = Release|x64
		{9BED4249-CAD5-46AA-B170-F6EBEC3741D4}.Release|x64.Build.0 = Release|x64
		{3DC3EF5F-CA24-4B64-ADD6-5EE84F50B6F8}.Debug|Win32.ActiveCfg = Debug|Win32
		{3DC3EF5F-CA24-4B64-ADD6-5EE84F50B6F8}.Debug|Win32.Build.0 = Debug|Win32
		{3DC3EF5F-CA24-4B64-ADD6-5EE84F50B6F8}.Debug|x64.ActiveCfg = Debug|x64
		{3DC3EF5F-CA24-4B64-ADD6-5EE84F50B6F8}.Debug|x64.Build.0 = Debug|x64
		{3DC3EF5F-CA24-4B64-ADD6-5EE84F50B6F8}.Release|Win32.ActiveCfg = Release|Win32
		{3DC3EF5F-CA24-4B64-ADD6-5EE84F50B6F8}.Release|Win32.Build.0 = Release|Win32
		{3DC3EF5F-CA24-4B64-ADD6-5EE84F50B6F8}.Release|x64.ActiveCfg = Release|x64
		{3DC3EF5F-CA24-4B64-ADD6-5EE84F50B6F8}.Release|x64.Build.0 = Release|x64
	EndGlobalSection
	GlobalSection(SolutionProperties) = preSolution
		HideSolutionNode = FALSE
	EndGlobalSection
EndGlobal
